
Microsoft Visual Studio Solution File, Format Version 12.00
# Visual Studio Version 17
Project("{8BC9CEB8-8B4A-11D0-8D11-00A0C91BC942}") = "ALL_BUILD", "ALL_BUILD.vcxproj", "{BB79EEE2-6AAD-3514-8F72-9346868EF068}"
	ProjectSection(ProjectDependencies) = postProject
		{949EE2C0-006B-33E7-A4C5-58242EF94BD8} = {949EE2C0-006B-33E7-A4C5-58242EF94BD8}
		{5E57F0D9-B47E-35E8-AF7E-3BC52F44CF40} = {5E57F0D9-B47E-35E8-AF7E-3BC52F44CF40}
	EndProjectSection
EndProject
Project("{8BC9CEB8-8B4A-11D0-8D11-00A0C91BC942}") = "ZERO_CHECK", "ZERO_CHECK.vcxproj", "{949EE2C0-006B-33E7-A4C5-58242EF94BD8}"
	ProjectSection(ProjectDependencies) = postProject
	EndProjectSection
EndProject
Project("{8BC9CEB8-8B4A-11D0-8D11-00A0C91BC942}") = "angol_cpp", "angol_cpp.vcxproj", "{5E57F0D9-B47E-35E8-AF7E-3BC52F44CF40}"
	ProjectSection(ProjectDependencies) = postProject
		{949EE2C0-006B-33E7-A4C5-58242EF94BD8} = {949EE2C0-006B-33E7-A4C5-58242EF94BD8}
	EndProjectSection
EndProject
Global
	GlobalSection(SolutionConfigurationPlatforms) = preSolution
		Debug|x64 = Debug|x64
		Release|x64 = Release|x64
		MinSizeRel|x64 = MinSizeRel|x64
		RelWithDebInfo|x64 = RelWithDebInfo|x64
	EndGlobalSection
	GlobalSection(ProjectConfigurationPlatforms) = postSolution
		{BB79EEE2-6AAD-3514-8F72-9346868EF068}.Debug|x64.ActiveCfg = Debug|x64
		{BB79EEE2-6AAD-3514-8F72-9346868EF068}.Release|x64.ActiveCfg = Release|x64
		{BB79EEE2-6AAD-3514-8F72-9346868EF068}.MinSizeRel|x64.ActiveCfg = MinSizeRel|x64
		{BB79EEE2-6AAD-3514-8F72-9346868EF068}.RelWithDebInfo|x64.ActiveCfg = RelWithDebInfo|x64
		{949EE2C0-006B-33E7-A4C5-58242EF94BD8}.Debug|x64.ActiveCfg = Debug|x64
		{949EE2C0-006B-33E7-A4C5-58242EF94BD8}.Debug|x64.Build.0 = Debug|x64
		{949EE2C0-006B-33E7-A4C5-58242EF94BD8}.Release|x64.ActiveCfg = Release|x64
		{949EE2C0-006B-33E7-A4C5-58242EF94BD8}.Release|x64.Build.0 = Release|x64
		{949EE2C0-006B-33E7-A4C5-58242EF94BD8}.MinSizeRel|x64.ActiveCfg = MinSizeRel|x64
		{949EE2C0-006B-33E7-A4C5-58242EF94BD8}.MinSizeRel|x64.Build.0 = MinSizeRel|x64
		{949EE2C0-006B-33E7-A4C5-58242EF94BD8}.RelWithDebInfo|x64.ActiveCfg = RelWithDebInfo|x64
		{949EE2C0-006B-33E7-A4C5-58242EF94BD8}.RelWithDebInfo|x64.Build.0 = RelWithDebInfo|x64
		{5E57F0D9-B47E-35E8-AF7E-3BC52F44CF40}.Debug|x64.ActiveCfg = Debug|x64
		{5E57F0D9-B47E-35E8-AF7E-3BC52F44CF40}.Debug|x64.Build.0 = Debug|x64
		{5E57F0D9-B47E-35E8-AF7E-3BC52F44CF40}.Release|x64.ActiveCfg = Release|x64
		{5E57F0D9-B47E-35E8-AF7E-3BC52F44CF40}.Release|x64.Build.0 = Release|x64
		{5E57F0D9-B47E-35E8-AF7E-3BC52F44CF40}.MinSizeRel|x64.ActiveCfg = MinSizeRel|x64
		{5E57F0D9-B47E-35E8-AF7E-3BC52F44CF40}.MinSizeRel|x64.Build.0 = MinSizeRel|x64
		{5E57F0D9-B47E-35E8-AF7E-3BC52F44CF40}.RelWithDebInfo|x64.ActiveCfg = RelWithDebInfo|x64
		{5E57F0D9-B47E-35E8-AF7E-3BC52F44CF40}.RelWithDebInfo|x64.Build.0 = RelWithDebInfo|x64
	EndGlobalSection
	GlobalSection(ExtensibilityGlobals) = postSolution
		SolutionGuid = {517484C6-5350-398F-AB9E-EAD677772890}
	EndGlobalSection
	GlobalSection(ExtensibilityAddIns) = postSolution
	EndGlobalSection
EndGlobal
